
Microsoft Visual Studio Solution File, Format Version 12.00
# Visual Studio Version 17
VisualStudioVersion = 17.13.35931.197 d17.13
MinimumVisualStudioVersion = 10.0.40219.1
Project("{FAE04EC0-301F-11D3-BF4B-00C04F79EFBC}") = "GlyphTrainerApp", "GlyphTrainerApp.csproj", "{95F19517-CE91-DCD6-3D99-82E8F9CF8E7B}"
EndProject
Global
	GlobalSection(SolutionConfigurationPlatforms) = preSolution
		Debug|Any CPU = Debug|Any CPU
		Release|Any CPU = Release|Any CPU
	EndGlobalSection
	GlobalSection(ProjectConfigurationPlatforms) = postSolution
		{95F19517-CE91-DCD6-3D99-82E8F9CF8E7B}.Debug|Any CPU.ActiveCfg = Debug|Any CPU
		{95F19517-CE91-DCD6-3D99-82E8F9CF8E7B}.Debug|Any CPU.Build.0 = Debug|Any CPU
		{95F19517-CE91-DCD6-3D99-82E8F9CF8E7B}.Release|Any CPU.ActiveCfg = Release|Any CPU
		{95F19517-CE91-DCD6-3D99-82E8F9CF8E7B}.Release|Any CPU.Build.0 = Release|Any CPU
	EndGlobalSection
	GlobalSection(SolutionProperties) = preSolution
		HideSolutionNode = FALSE
	EndGlobalSection
	GlobalSection(ExtensibilityGlobals) = postSolution
		SolutionGuid = {9BCD27EE-2E12-4253-8F24-95D36925ECC6}
	EndGlobalSection
EndGlobal
